Microsoft Visual Studio Solution File, Format Version 12.00
# Visual Studio Version 17
VisualStudioVersion = 17.0.31903.59
MinimumVisualStudioVersion = 10.0.40219.1
Project("{FAE04EC0-301F-11D3-BF4B-00C04F79EFBC}") = "TiaMcpServer", "TiaMcpServer\TiaMcpServer.csproj", "{E7CC35A6-2C38-4AAE-9E86-AED05601B370}"
EndProject
Project("{FAE04EC0-301F-11D3-BF4B-00C04F79EFBC}") = "TiaMcpServer.Contracts", "TiaMcpServer.Contracts\TiaMcpServer.Contracts.csproj", "{1C2E58BE-B5F5-4FD7-8B90-5D8EAC4DF3D2}"
EndProject
Project("{FAE04EC0-301F-11D3-BF4B-00C04F79EFBC}") = "TiaMcpServer.OpennessWorker", "TiaMcpServer.OpennessWorker\TiaMcpServer.OpennessWorker.csproj", "{87A8D3DA-F0ED-4D39-9D46-45210CC4BD59}"
EndProject
Global
	GlobalSection(SolutionConfigurationPlatforms) = preSolution
		Debug|Any CPU = Debug|Any CPU
		Release|Any CPU = Release|Any CPU
	EndGlobalSection
	GlobalSection(ProjectConfigurationPlatforms) = postSolution
		{E7CC35A6-2C38-4AAE-9E86-AED05601B370}.Debug|Any CPU.ActiveCfg = Debug|Any CPU
		{E7CC35A6-2C38-4AAE-9E86-AED05601B370}.Debug|Any CPU.Build.0 = Debug|Any CPU
		{E7CC35A6-2C38-4AAE-9E86-AED05601B370}.Release|Any CPU.ActiveCfg = Release|Any CPU
		{E7CC35A6-2C38-4AAE-9E86-AED05601B370}.Release|Any CPU.Build.0 = Release|Any CPU
		{1C2E58BE-B5F5-4FD7-8B90-5D8EAC4DF3D2}.Debug|Any CPU.ActiveCfg = Debug|Any CPU
		{1C2E58BE-B5F5-4FD7-8B90-5D8EAC4DF3D2}.Debug|Any CPU.Build.0 = Debug|Any CPU
		{1C2E58BE-B5F5-4FD7-8B90-5D8EAC4DF3D2}.Release|Any CPU.ActiveCfg = Release|Any CPU
		{1C2E58BE-B5F5-4FD7-8B90-5D8EAC4DF3D2}.Release|Any CPU.Build.0 = Release|Any CPU
		{87A8D3DA-F0ED-4D39-9D46-45210CC4BD59}.Debug|Any CPU.ActiveCfg = Debug|Any CPU
		{87A8D3DA-F0ED-4D39-9D46-45210CC4BD59}.Debug|Any CPU.Build.0 = Debug|Any CPU
		{87A8D3DA-F0ED-4D39-9D46-45210CC4BD59}.Release|Any CPU.ActiveCfg = Release|Any CPU
		{87A8D3DA-F0ED-4D39-9D46-45210CC4BD59}.Release|Any CPU.Build.0 = Release|Any CPU
	EndGlobalSection
	GlobalSection(SolutionProperties) = preSolution
		HideSolutionNode = FALSE
	EndGlobalSection
EndGlobal
