
Microsoft Visual Studio Solution File, Format Version 12.00
# Visual Studio Version 17
VisualStudioVersion = 17.0.31903.59
MinimumVisualStudioVersion = 10.0.40219.1
Project("{FAE04EC0-301F-11D3-BF4B-00C04F79EFBC}") = "TiaMcpServer", "TiaMcpServer\TiaMcpServer.csproj", "{E7CC35A6-2C38-4AAE-9E86-AED05601B370}"
EndProject
Project("{FAE04EC0-301F-11D3-BF4B-00C04F79EFBC}") = "TiaMcpServer.Contracts", "TiaMcpServer.Contracts\TiaMcpServer.Contracts.csproj", "{1C2E58BE-B5F5-4FD7-8B90-5D8EAC4DF3D2}"
EndProject
Project("{FAE04EC0-301F-11D3-BF4B-00C04F79EFBC}") = "TiaMcpServer.OpennessWorker", "TiaMcpServer.OpennessWorker\TiaMcpServer.OpennessWorker.csproj", "{87A8D3DA-F0ED-4D39-9D46-45210CC4BD59}"
EndProject
Project("{FAE04EC0-301F-11D3-BF4B-00C04F79EFBC}") = "TiaMcpServer.Tests", "TiaMcpServer.Tests\TiaMcpServer.Tests.csproj", "{BCAB91F2-4572-4C73-B415-46C76E21C093}"
EndProject
Project("{FAE04EC0-301F-11D3-BF4B-00C04F79EFBC}") = "TiaMcpServer.OpennessWorker.Legacy", "TiaMcpServer.OpennessWorker.Legacy\TiaMcpServer.OpennessWorker.Legacy.csproj", "{7B76E968-F76B-4150-BEBD-62EB406DC6A4}"
EndProject
Project("{FAE04EC0-301F-11D3-BF4B-00C04F79EFBC}") = "TiaMcpServer.OpennessWorker.V16", "TiaMcpServer.OpennessWorker.V16\TiaMcpServer.OpennessWorker.V16.csproj", "{5C3C834B-44A0-4954-969A-10FEDE8189DF}"
EndProject
Global
	GlobalSection(SolutionConfigurationPlatforms) = preSolution
		Debug|Any CPU = Debug|Any CPU
		Debug|x64 = Debug|x64
		Debug|x86 = Debug|x86
		Release|Any CPU = Release|Any CPU
		Release|x64 = Release|x64
		Release|x86 = Release|x86
	EndGlobalSection
	GlobalSection(ProjectConfigurationPlatforms) = postSolution
		{E7CC35A6-2C38-4AAE-9E86-AED05601B370}.Debug|Any CPU.ActiveCfg = Debug|Any CPU
		{E7CC35A6-2C38-4AAE-9E86-AED05601B370}.Debug|Any CPU.Build.0 = Debug|Any CPU
		{E7CC35A6-2C38-4AAE-9E86-AED05601B370}.Debug|x64.ActiveCfg = Debug|Any CPU
		{E7CC35A6-2C38-4AAE-9E86-AED05601B370}.Debug|x64.Build.0 = Debug|Any CPU
		{E7CC35A6-2C38-4AAE-9E86-AED05601B370}.Debug|x86.ActiveCfg = Debug|Any CPU
		{E7CC35A6-2C38-4AAE-9E86-AED05601B370}.Debug|x86.Build.0 = Debug|Any CPU
		{E7CC35A6-2C38-4AAE-9E86-AED05601B370}.Release|Any CPU.ActiveCfg = Release|Any CPU
		{E7CC35A6-2C38-4AAE-9E86-AED05601B370}.Release|Any CPU.Build.0 = Release|Any CPU
		{E7CC35A6-2C38-4AAE-9E86-AED05601B370}.Release|x64.ActiveCfg = Release|Any CPU
		{E7CC35A6-2C38-4AAE-9E86-AED05601B370}.Release|x64.Build.0 = Release|Any CPU
		{E7CC35A6-2C38-4AAE-9E86-AED05601B370}.Release|x86.ActiveCfg = Release|Any CPU
		{E7CC35A6-2C38-4AAE-9E86-AED05601B370}.Release|x86.Build.0 = Release|Any CPU
		{1C2E58BE-B5F5-4FD7-8B90-5D8EAC4DF3D2}.Debug|Any CPU.ActiveCfg = Debug|Any CPU
		{1C2E58BE-B5F5-4FD7-8B90-5D8EAC4DF3D2}.Debug|Any CPU.Build.0 = Debug|Any CPU
		{1C2E58BE-B5F5-4FD7-8B90-5D8EAC4DF3D2}.Debug|x64.ActiveCfg = Debug|Any CPU
		{1C2E58BE-B5F5-4FD7-8B90-5D8EAC4DF3D2}.Debug|x64.Build.0 = Debug|Any CPU
		{1C2E58BE-B5F5-4FD7-8B90-5D8EAC4DF3D2}.Debug|x86.ActiveCfg = Debug|Any CPU
		{1C2E58BE-B5F5-4FD7-8B90-5D8EAC4DF3D2}.Debug|x86.Build.0 = Debug|Any CPU
		{1C2E58BE-B5F5-4FD7-8B90-5D8EAC4DF3D2}.Release|Any CPU.ActiveCfg = Release|Any CPU
		{1C2E58BE-B5F5-4FD7-8B90-5D8EAC4DF3D2}.Release|Any CPU.Build.0 = Release|Any CPU
		{1C2E58BE-B5F5-4FD7-8B90-5D8EAC4DF3D2}.Release|x64.ActiveCfg = Release|Any CPU
		{1C2E58BE-B5F5-4FD7-8B90-5D8EAC4DF3D2}.Release|x64.Build.0 = Release|Any CPU
		{1C2E58BE-B5F5-4FD7-8B90-5D8EAC4DF3D2}.Release|x86.ActiveCfg = Release|Any CPU
		{1C2E58BE-B5F5-4FD7-8B90-5D8EAC4DF3D2}.Release|x86.Build.0 = Release|Any CPU
		{87A8D3DA-F0ED-4D39-9D46-45210CC4BD59}.Debug|Any CPU.ActiveCfg = Debug|Any CPU
		{87A8D3DA-F0ED-4D39-9D46-45210CC4BD59}.Debug|Any CPU.Build.0 = Debug|Any CPU
		{87A8D3DA-F0ED-4D39-9D46-45210CC4BD59}.Debug|x64.ActiveCfg = Debug|Any CPU
		{87A8D3DA-F0ED-4D39-9D46-45210CC4BD59}.Debug|x64.Build.0 = Debug|Any CPU
		{87A8D3DA-F0ED-4D39-9D46-45210CC4BD59}.Debug|x86.ActiveCfg = Debug|Any CPU
		{87A8D3DA-F0ED-4D39-9D46-45210CC4BD59}.Debug|x86.Build.0 = Debug|Any CPU
		{87A8D3DA-F0ED-4D39-9D46-45210CC4BD59}.Release|Any CPU.ActiveCfg = Release|Any CPU
		{87A8D3DA-F0ED-4D39-9D46-45210CC4BD59}.Release|Any CPU.Build.0 = Release|Any CPU
		{87A8D3DA-F0ED-4D39-9D46-45210CC4BD59}.Release|x64.ActiveCfg = Release|Any CPU
		{87A8D3DA-F0ED-4D39-9D46-45210CC4BD59}.Release|x64.Build.0 = Release|Any CPU
		{87A8D3DA-F0ED-4D39-9D46-45210CC4BD59}.Release|x86.ActiveCfg = Release|Any CPU
		{87A8D3DA-F0ED-4D39-9D46-45210CC4BD59}.Release|x86.Build.0 = Release|Any CPU
		{BCAB91F2-4572-4C73-B415-46C76E21C093}.Debug|Any CPU.ActiveCfg = Debug|Any CPU
		{BCAB91F2-4572-4C73-B415-46C76E21C093}.Debug|Any CPU.Build.0 = Debug|Any CPU
		{BCAB91F2-4572-4C73-B415-46C76E21C093}.Debug|x64.ActiveCfg = Debug|Any CPU
		{BCAB91F2-4572-4C73-B415-46C76E21C093}.Debug|x64.Build.0 = Debug|Any CPU
		{BCAB91F2-4572-4C73-B415-46C76E21C093}.Debug|x86.ActiveCfg = Debug|Any CPU
		{BCAB91F2-4572-4C73-B415-46C76E21C093}.Debug|x86.Build.0 = Debug|Any CPU
		{BCAB91F2-4572-4C73-B415-46C76E21C093}.Release|Any CPU.ActiveCfg = Release|Any CPU
		{BCAB91F2-4572-4C73-B415-46C76E21C093}.Release|Any CPU.Build.0 = Release|Any CPU
		{BCAB91F2-4572-4C73-B415-46C76E21C093}.Release|x64.ActiveCfg = Release|Any CPU
		{BCAB91F2-4572-4C73-B415-46C76E21C093}.Release|x64.Build.0 = Release|Any CPU
		{BCAB91F2-4572-4C73-B415-46C76E21C093}.Release|x86.ActiveCfg = Release|Any CPU
		{BCAB91F2-4572-4C73-B415-46C76E21C093}.Release|x86.Build.0 = Release|Any CPU
		{7B76E968-F76B-4150-BEBD-62EB406DC6A4}.Debug|Any CPU.ActiveCfg = Debug|Any CPU
		{7B76E968-F76B-4150-BEBD-62EB406DC6A4}.Debug|Any CPU.Build.0 = Debug|Any CPU
		{7B76E968-F76B-4150-BEBD-62EB406DC6A4}.Debug|x64.ActiveCfg = Debug|Any CPU
		{7B76E968-F76B-4150-BEBD-62EB406DC6A4}.Debug|x64.Build.0 = Debug|Any CPU
		{7B76E968-F76B-4150-BEBD-62EB406DC6A4}.Debug|x86.ActiveCfg = Debug|Any CPU
		{7B76E968-F76B-4150-BEBD-62EB406DC6A4}.Debug|x86.Build.0 = Debug|Any CPU
		{7B76E968-F76B-4150-BEBD-62EB406DC6A4}.Release|Any CPU.ActiveCfg = Release|Any CPU
		{7B76E968-F76B-4150-BEBD-62EB406DC6A4}.Release|Any CPU.Build.0 = Release|Any CPU
		{7B76E968-F76B-4150-BEBD-62EB406DC6A4}.Release|x64.ActiveCfg = Release|Any CPU
		{7B76E968-F76B-4150-BEBD-62EB406DC6A4}.Release|x64.Build.0 = Release|Any CPU
		{7B76E968-F76B-4150-BEBD-62EB406DC6A4}.Release|x86.ActiveCfg = Release|Any CPU
		{7B76E968-F76B-4150-BEBD-62EB406DC6A4}.Release|x86.Build.0 = Release|Any CPU
		{5C3C834B-44A0-4954-969A-10FEDE8189DF}.Debug|Any CPU.ActiveCfg = Debug|Any CPU
		{5C3C834B-44A0-4954-969A-10FEDE8189DF}.Debug|Any CPU.Build.0 = Debug|Any CPU
		{5C3C834B-44A0-4954-969A-10FEDE8189DF}.Debug|x64.ActiveCfg = Debug|Any CPU
		{5C3C834B-44A0-4954-969A-10FEDE8189DF}.Debug|x64.Build.0 = Debug|Any CPU
		{5C3C834B-44A0-4954-969A-10FEDE8189DF}.Debug|x86.ActiveCfg = Debug|Any CPU
		{5C3C834B-44A0-4954-969A-10FEDE8189DF}.Debug|x86.Build.0 = Debug|Any CPU
		{5C3C834B-44A0-4954-969A-10FEDE8189DF}.Release|Any CPU.ActiveCfg = Release|Any CPU
		{5C3C834B-44A0-4954-969A-10FEDE8189DF}.Release|Any CPU.Build.0 = Release|Any CPU
		{5C3C834B-44A0-4954-969A-10FEDE8189DF}.Release|x64.ActiveCfg = Release|Any CPU
		{5C3C834B-44A0-4954-969A-10FEDE8189DF}.Release|x64.Build.0 = Release|Any CPU
		{5C3C834B-44A0-4954-969A-10FEDE8189DF}.Release|x86.ActiveCfg = Release|Any CPU
		{5C3C834B-44A0-4954-969A-10FEDE8189DF}.Release|x86.Build.0 = Release|Any CPU
	EndGlobalSection
	GlobalSection(SolutionProperties) = preSolution
		HideSolutionNode = FALSE
	EndGlobalSection
EndGlobal
